// !$*UTF8*$!
{
	archiveVersion = 1;
	classes = {
	};
	objectVersion = 55;
	objects = {

/* Begin PBXBuildFile section */
		260CAF9C28ADFB290062638C /* AppDelegate.swift in Sources */ = {isa = PBXBuildFile; fileRef = 260CAF9B28ADFB290062638C /* AppDelegate.swift */; };
		260CAF9E28ADFB290062638C /* SceneDelegate.swift in Sources */ = {isa = PBXBuildFile; fileRef = 260CAF9D28ADFB290062638C /* SceneDelegate.swift */; };
		260CAFA028ADFB290062638C /* ViewController.swift in Sources */ = {isa = PBXBuildFile; fileRef = 260CAF9F28ADFB290062638C /* ViewController.swift */; };
		260CAFA328ADFB290062638C /* Main.storyboard in Resources */ = {isa = PBXBuildFile; fileRef = 260CAFA128ADFB290062638C /* Main.storyboard */; };
		260CAFA828ADFB2A0062638C /* LaunchScreen.storyboard in Resources */ = {isa = PBXBuildFile; fileRef = 260CAFA628ADFB2A0062638C /* LaunchScreen.storyboard */; };
		260CB04628ADFB560062638C /* ShirtModel.swift in Sources */ = {isa = PBXBuildFile; fileRef = 260CB03F28ADFB560062638C /* ShirtModel.swift */; };
		260CB04728ADFB560062638C /* PantsModel.swift in Sources */ = {isa = PBXBuildFile; fileRef = 260CB04028ADFB560062638C /* PantsModel.swift */; };
		260CB04828ADFB560062638C /* RealmServices.swift in Sources */ = {isa = PBXBuildFile; fileRef = 260CB04128ADFB560062638C /* RealmServices.swift */; };
		260CB04928ADFB560062638C /* ClientModel.swift in Sources */ = {isa = PBXBuildFile; fileRef = 260CB04228ADFB560062638C /* ClientModel.swift */; };
		260CB04A28ADFB560062638C /* VestModel.swift in Sources */ = {isa = PBXBuildFile; fileRef = 260CB04328ADFB560062638C /* VestModel.swift */; };
		260CB04B28ADFB560062638C /* DatabaseManager.swift in Sources */ = {isa = PBXBuildFile; fileRef = 260CB04428ADFB560062638C /* DatabaseManager.swift */; };
		260CB04C28ADFB560062638C /* ProductModel.swift in Sources */ = {isa = PBXBuildFile; fileRef = 260CB04528ADFB560062638C /* ProductModel.swift */; };
		260CB05628ADFC140062638C /* Navbar&Tabbar.xcassets in Resources */ = {isa = PBXBuildFile; fileRef = 260CB05328ADFC130062638C /* Navbar&Tabbar.xcassets */; };
		260CB05728ADFC140062638C /* Assets.xcassets in Resources */ = {isa = PBXBuildFile; fileRef = 260CB05428ADFC130062638C /* Assets.xcassets */; };
		260CB05828ADFC140062638C /* ImageUI.xcassets in Resources */ = {isa = PBXBuildFile; fileRef = 260CB05528ADFC130062638C /* ImageUI.xcassets */; };
		260CB06328ADFC1F0062638C /* ClientCell.swift in Sources */ = {isa = PBXBuildFile; fileRef = 260CB05C28ADFC1F0062638C /* ClientCell.swift */; };
		260CB06428ADFC1F0062638C /* ClientCell.xib in Resources */ = {isa = PBXBuildFile; fileRef = 260CB05D28ADFC1F0062638C /* ClientCell.xib */; };
		260CB06528ADFC1F0062638C /* HomeVC.xib in Resources */ = {isa = PBXBuildFile; fileRef = 260CB05E28ADFC1F0062638C /* HomeVC.xib */; };
		260CB06628ADFC1F0062638C /* HomeVC.swift in Sources */ = {isa = PBXBuildFile; fileRef = 260CB05F28ADFC1F0062638C /* HomeVC.swift */; };
		260CB06728ADFC1F0062638C /* AddNewClientVC.xib in Resources */ = {isa = PBXBuildFile; fileRef = 260CB06128ADFC1F0062638C /* AddNewClientVC.xib */; };
		260CB06828ADFC1F0062638C /* AddNewClientVC.swift in Sources */ = {isa = PBXBuildFile; fileRef = 260CB06228ADFC1F0062638C /* AddNewClientVC.swift */; };
		260CB0A328ADFC230062638C /* BaseVC.swift in Sources */ = {isa = PBXBuildFile; fileRef = 260CB06A28ADFC230062638C /* BaseVC.swift */; };
		260CB0A428ADFC230062638C /* VVConstant.swift in Sources */ = {isa = PBXBuildFile; fileRef = 260CB06B28ADFC230062638C /* VVConstant.swift */; };
		260CB0A628ADFC230062638C /* UIColor+Extension.swift in Sources */ = {isa = PBXBuildFile; fileRef = 260CB06E28ADFC230062638C /* UIColor+Extension.swift */; };
		260CB0A728ADFC230062638C /* Date+Extension.swift in Sources */ = {isa = PBXBuildFile; fileRef = 260CB06F28ADFC230062638C /* Date+Extension.swift */; };
		260CB0C628ADFC230062638C /* NavBarView.swift in Sources */ = {isa = PBXBuildFile; fileRef = 260CB09928ADFC230062638C /* NavBarView.swift */; };
		260CB0C728ADFC230062638C /* NavBarView.xib in Resources */ = {isa = PBXBuildFile; fileRef = 260CB09A28ADFC230062638C /* NavBarView.xib */; };
		260CB0D328AE241F0062638C /* DetailsInputCell.swift in Sources */ = {isa = PBXBuildFile; fileRef = 260CB0D128AE241F0062638C /* DetailsInputCell.swift */; };
		260CB0D428AE241F0062638C /* DetailsInputCell.xib in Resources */ = {isa = PBXBuildFile; fileRef = 260CB0D228AE241F0062638C /* DetailsInputCell.xib */; };
		260CB0EA28AE3E9C0062638C /* ProfileClientVC.swift in Sources */ = {isa = PBXBuildFile; fileRef = 260CB0E828AE3E9C0062638C /* ProfileClientVC.swift */; };
		260CB0EB28AE3E9C0062638C /* ProfileClientVC.xib in Resources */ = {isa = PBXBuildFile; fileRef = 260CB0E928AE3E9C0062638C /* ProfileClientVC.xib */; };
		2657FEF528AF8AEB003E7161 /* ProductsCell.swift in Sources */ = {isa = PBXBuildFile; fileRef = 2657FEF328AF8AEB003E7161 /* ProductsCell.swift */; };
		2657FEF628AF8AEB003E7161 /* ProductsCell.xib in Resources */ = {isa = PBXBuildFile; fileRef = 2657FEF428AF8AEB003E7161 /* ProductsCell.xib */; };
		2657FEFA28AF94F5003E7161 /* AddProductsVC.swift in Sources */ = {isa = PBXBuildFile; fileRef = 2657FEF828AF94F5003E7161 /* AddProductsVC.swift */; };
		2657FEFB28AF94F5003E7161 /* AddProductsVC.xib in Resources */ = {isa = PBXBuildFile; fileRef = 2657FEF928AF94F5003E7161 /* AddProductsVC.xib */; };
		2657FF0C28AFA155003E7161 /* TypeClothesCell.swift in Sources */ = {isa = PBXBuildFile; fileRef = 2657FF0A28AFA155003E7161 /* TypeClothesCell.swift */; };
		2657FF0D28AFA155003E7161 /* TypeClothesCell.xib in Resources */ = {isa = PBXBuildFile; fileRef = 2657FF0B28AFA155003E7161 /* TypeClothesCell.xib */; };
		451AF05A2A0C88A300E0C113 /* TextField.swift in Sources */ = {isa = PBXBuildFile; fileRef = 451AF0592A0C88A300E0C113 /* TextField.swift */; };
		451AF0642A0C957400E0C113 /* TextFieldBox.swift in Sources */ = {isa = PBXBuildFile; fileRef = 451AF0632A0C957400E0C113 /* TextFieldBox.swift */; };
		451AF0662A0C957E00E0C113 /* TextFieldBox.xib in Resources */ = {isa = PBXBuildFile; fileRef = 451AF0652A0C957E00E0C113 /* TextFieldBox.xib */; };
		451AF0682A0C9E7D00E0C113 /* Number+Extension.swift in Sources */ = {isa = PBXBuildFile; fileRef = 451AF0672A0C9E7D00E0C113 /* Number+Extension.swift */; };
		4556AA622A0CA03000709140 /* Realm.framework in Frameworks */ = {isa = PBXBuildFile; fileRef = 454D65672A08FB6200EF2ECD /* Realm.framework */; };
		4556AA632A0CA03000709140 /* Realm.framework in Embed Frameworks */ = {isa = PBXBuildFile; fileRef = 454D65672A08FB6200EF2ECD /* Realm.framework */; settings = {ATTRIBUTES = (CodeSignOnCopy, RemoveHeadersOnCopy, ); }; };
		4556AA652A0CA03100709140 /* RealmSwift.framework in Frameworks */ = {isa = PBXBuildFile; fileRef = 454D65682A08FB6200EF2ECD /* RealmSwift.framework */; };
		4556AA662A0CA03100709140 /* RealmSwift.framework in Embed Frameworks */ = {isa = PBXBuildFile; fileRef = 454D65682A08FB6200EF2ECD /* RealmSwift.framework */; settings = {ATTRIBUTES = (CodeSignOnCopy, RemoveHeadersOnCopy, ); }; };
		45643D6D2A08EA6E00616583 /* STableView.swift in Sources */ = {isa = PBXBuildFile; fileRef = 45643D6A2A08EA6E00616583 /* STableView.swift */; };
		45643D6E2A08EA6E00616583 /* STableHeaderView.swift in Sources */ = {isa = PBXBuildFile; fileRef = 45643D6B2A08EA6E00616583 /* STableHeaderView.swift */; };
		45643D6F2A08EA6E00616583 /* STableViewCell.swift in Sources */ = {isa = PBXBuildFile; fileRef = 45643D6C2A08EA6E00616583 /* STableViewCell.swift */; };
		45643D722A08EAA800616583 /* TextView.xib in Resources */ = {isa = PBXBuildFile; fileRef = 45643D702A08EAA800616583 /* TextView.xib */; };
		45643D732A08EAA800616583 /* TextView.swift in Sources */ = {isa = PBXBuildFile; fileRef = 45643D712A08EAA800616583 /* TextView.swift */; };
		45643D762A08EB0A00616583 /* SCollectionView.swift in Sources */ = {isa = PBXBuildFile; fileRef = 45643D742A08EB0900616583 /* SCollectionView.swift */; };
		45643D772A08EB0A00616583 /* SCollectionViewCell.swift in Sources */ = {isa = PBXBuildFile; fileRef = 45643D752A08EB0A00616583 /* SCollectionViewCell.swift */; };
		45EA0F202A0B3A2100F8BCE6 /* String+Extension.swift in Sources */ = {isa = PBXBuildFile; fileRef = 45EA0F1F2A0B3A2100F8BCE6 /* String+Extension.swift */; };
		45EA0F222A0B3A2D00F8BCE6 /* UIView+Extension.swift in Sources */ = {isa = PBXBuildFile; fileRef = 45EA0F212A0B3A2D00F8BCE6 /* UIView+Extension.swift */; };
		45EA0F242A0B3A3400F8BCE6 /* UIViewController+Extension.swift in Sources */ = {isa = PBXBuildFile; fileRef = 45EA0F232A0B3A3400F8BCE6 /* UIViewController+Extension.swift */; };
/* End PBXBuildFile section */

/* Begin PBXCopyFilesBuildPhase section */
		4556AA642A0CA03000709140 /* Embed Frameworks */ = {
			isa = PBXCopyFilesBuildPhase;
			buildActionMask = 2147483647;
			dstPath = "";
			dstSubfolderSpec = 10;
			files = (
				4556AA662A0CA03100709140 /* RealmSwift.framework in Embed Frameworks */,
				4556AA632A0CA03000709140 /* Realm.framework in Embed Frameworks */,
			);
			name = "Embed Frameworks";
			runOnlyForDeploymentPostprocessing = 0;
		};
/* End PBXCopyFilesBuildPhase section */

/* Begin PBXFileReference section */
		260CAF9828ADFB290062638C /* TranDucThang.app */ = {isa = PBXFileReference; explicitFileType = wrapper.application; includeInIndex = 0; path = TranDucThang.app; sourceTree = BUILT_PRODUCTS_DIR; };
		260CAF9B28ADFB290062638C /* AppDelegate.swift */ = {isa = PBXFileReference; lastKnownFileType = sourcecode.swift; path = AppDelegate.swift; sourceTree = "<group>"; };
		260CAF9D28ADFB290062638C /* SceneDelegate.swift */ = {isa = PBXFileReference; lastKnownFileType = sourcecode.swift; path = SceneDelegate.swift; sourceTree = "<group>"; };
		260CAF9F28ADFB290062638C /* ViewController.swift */ = {isa = PBXFileReference; lastKnownFileType = sourcecode.swift; path = ViewController.swift; sourceTree = "<group>"; };
		260CAFA228ADFB290062638C /* Base */ = {isa = PBXFileReference; lastKnownFileType = file.storyboard; name = Base; path = Base.lproj/Main.storyboard; sourceTree = "<group>"; };
		260CAFA728ADFB2A0062638C /* Base */ = {isa = PBXFileReference; lastKnownFileType = file.storyboard; name = Base; path = Base.lproj/LaunchScreen.storyboard; sourceTree = "<group>"; };
		260CAFA928ADFB2A0062638C /* Info.plist */ = {isa = PBXFileReference; lastKnownFileType = text.plist.xml; path = Info.plist; sourceTree = "<group>"; };
		260CB03F28ADFB560062638C /* ShirtModel.swift */ = {isa = PBXFileReference; fileEncoding = 4; lastKnownFileType = sourcecode.swift; path = ShirtModel.swift; sourceTree = "<group>"; };
		260CB04028ADFB560062638C /* PantsModel.swift */ = {isa = PBXFileReference; fileEncoding = 4; lastKnownFileType = sourcecode.swift; path = PantsModel.swift; sourceTree = "<group>"; };
		260CB04128ADFB560062638C /* RealmServices.swift */ = {isa = PBXFileReference; fileEncoding = 4; lastKnownFileType = sourcecode.swift; path = RealmServices.swift; sourceTree = "<group>"; };
		260CB04228ADFB560062638C /* ClientModel.swift */ = {isa = PBXFileReference; fileEncoding = 4; lastKnownFileType = sourcecode.swift; path = ClientModel.swift; sourceTree = "<group>"; };
		260CB04328ADFB560062638C /* VestModel.swift */ = {isa = PBXFileReference; fileEncoding = 4; lastKnownFileType = sourcecode.swift; path = VestModel.swift; sourceTree = "<group>"; };
		260CB04428ADFB560062638C /* DatabaseManager.swift */ = {isa = PBXFileReference; fileEncoding = 4; lastKnownFileType = sourcecode.swift; path = DatabaseManager.swift; sourceTree = "<group>"; };
		260CB04528ADFB560062638C /* ProductModel.swift */ = {isa = PBXFileReference; fileEncoding = 4; lastKnownFileType = sourcecode.swift; path = ProductModel.swift; sourceTree = "<group>"; };
		260CB05328ADFC130062638C /* Navbar&Tabbar.xcassets */ = {isa = PBXFileReference; lastKnownFileType = folder.assetcatalog; path = "Navbar&Tabbar.xcassets"; sourceTree = "<group>"; };
		260CB05428ADFC130062638C /* Assets.xcassets */ = {isa = PBXFileReference; lastKnownFileType = folder.assetcatalog; path = Assets.xcassets; sourceTree = "<group>"; };
		260CB05528ADFC130062638C /* ImageUI.xcassets */ = {isa = PBXFileReference; lastKnownFileType = folder.assetcatalog; path = ImageUI.xcassets; sourceTree = "<group>"; };
		260CB05C28ADFC1F0062638C /* ClientCell.swift */ = {isa = PBXFileReference; fileEncoding = 4; lastKnownFileType = sourcecode.swift; path = ClientCell.swift; sourceTree = "<group>"; };
		260CB05D28ADFC1F0062638C /* ClientCell.xib */ = {isa = PBXFileReference; fileEncoding = 4; lastKnownFileType = file.xib; path = ClientCell.xib; sourceTree = "<group>"; };
		260CB05E28ADFC1F0062638C /* HomeVC.xib */ = {isa = PBXFileReference; fileEncoding = 4; lastKnownFileType = file.xib; path = HomeVC.xib; sourceTree = "<group>"; };
		260CB05F28ADFC1F0062638C /* HomeVC.swift */ = {isa = PBXFileReference; fileEncoding = 4; lastKnownFileType = sourcecode.swift; path = HomeVC.swift; sourceTree = "<group>"; };
		260CB06128ADFC1F0062638C /* AddNewClientVC.xib */ = {isa = PBXFileReference; fileEncoding = 4; lastKnownFileType = file.xib; path = AddNewClientVC.xib; sourceTree = "<group>"; };
		260CB06228ADFC1F0062638C /* AddNewClientVC.swift */ = {isa = PBXFileReference; fileEncoding = 4; lastKnownFileType = sourcecode.swift; path = AddNewClientVC.swift; sourceTree = "<group>"; };
		260CB06A28ADFC230062638C /* BaseVC.swift */ = {isa = PBXFileReference; fileEncoding = 4; lastKnownFileType = sourcecode.swift; path = BaseVC.swift; sourceTree = "<group>"; };
		260CB06B28ADFC230062638C /* VVConstant.swift */ = {isa = PBXFileReference; fileEncoding = 4; lastKnownFileType = sourcecode.swift; path = VVConstant.swift; sourceTree = "<group>"; };
		260CB06E28ADFC230062638C /* UIColor+Extension.swift */ = {isa = PBXFileReference; fileEncoding = 4; lastKnownFileType = sourcecode.swift; path = "UIColor+Extension.swift"; sourceTree = "<group>"; };
		260CB06F28ADFC230062638C /* Date+Extension.swift */ = {isa = PBXFileReference; fileEncoding = 4; lastKnownFileType = sourcecode.swift; path = "Date+Extension.swift"; sourceTree = "<group>"; };
		260CB09928ADFC230062638C /* NavBarView.swift */ = {isa = PBXFileReference; fileEncoding = 4; lastKnownFileType = sourcecode.swift; path = NavBarView.swift; sourceTree = "<group>"; };
		260CB09A28ADFC230062638C /* NavBarView.xib */ = {isa = PBXFileReference; fileEncoding = 4; lastKnownFileType = file.xib; path = NavBarView.xib; sourceTree = "<group>"; };
		260CB0D128AE241F0062638C /* DetailsInputCell.swift */ = {isa = PBXFileReference; fileEncoding = 4; lastKnownFileType = sourcecode.swift; path = DetailsInputCell.swift; sourceTree = "<group>"; };
		260CB0D228AE241F0062638C /* DetailsInputCell.xib */ = {isa = PBXFileReference; fileEncoding = 4; lastKnownFileType = file.xib; path = DetailsInputCell.xib; sourceTree = "<group>"; };
		260CB0E828AE3E9C0062638C /* ProfileClientVC.swift */ = {isa = PBXFileReference; lastKnownFileType = sourcecode.swift; path = ProfileClientVC.swift; sourceTree = "<group>"; };
		260CB0E928AE3E9C0062638C /* ProfileClientVC.xib */ = {isa = PBXFileReference; lastKnownFileType = file.xib; path = ProfileClientVC.xib; sourceTree = "<group>"; };
		2657FEF328AF8AEB003E7161 /* ProductsCell.swift */ = {isa = PBXFileReference; lastKnownFileType = sourcecode.swift; path = ProductsCell.swift; sourceTree = "<group>"; };
		2657FEF428AF8AEB003E7161 /* ProductsCell.xib */ = {isa = PBXFileReference; lastKnownFileType = file.xib; path = ProductsCell.xib; sourceTree = "<group>"; };
		2657FEF828AF94F5003E7161 /* AddProductsVC.swift */ = {isa = PBXFileReference; lastKnownFileType = sourcecode.swift; path = AddProductsVC.swift; sourceTree = "<group>"; };
		2657FEF928AF94F5003E7161 /* AddProductsVC.xib */ = {isa = PBXFileReference; lastKnownFileType = file.xib; path = AddProductsVC.xib; sourceTree = "<group>"; };
		2657FF0A28AFA155003E7161 /* TypeClothesCell.swift */ = {isa = PBXFileReference; fileEncoding = 4; lastKnownFileType = sourcecode.swift; path = TypeClothesCell.swift; sourceTree = "<group>"; };
		2657FF0B28AFA155003E7161 /* TypeClothesCell.xib */ = {isa = PBXFileReference; fileEncoding = 4; lastKnownFileType = file.xib; path = TypeClothesCell.xib; sourceTree = "<group>"; };
		451AF0592A0C88A300E0C113 /* TextField.swift */ = {isa = PBXFileReference; lastKnownFileType = sourcecode.swift; path = TextField.swift; sourceTree = "<group>"; };
		451AF0632A0C957400E0C113 /* TextFieldBox.swift */ = {isa = PBXFileReference; lastKnownFileType = sourcecode.swift; path = TextFieldBox.swift; sourceTree = "<group>"; };
		451AF0652A0C957E00E0C113 /* TextFieldBox.xib */ = {isa = PBXFileReference; lastKnownFileType = file.xib; path = TextFieldBox.xib; sourceTree = "<group>"; };
		451AF0672A0C9E7D00E0C113 /* Number+Extension.swift */ = {isa = PBXFileReference; fileEncoding = 4; lastKnownFileType = sourcecode.swift; path = "Number+Extension.swift"; sourceTree = "<group>"; };
		454D65672A08FB6200EF2ECD /* Realm.framework */ = {isa = PBXFileReference; lastKnownFileType = wrapper.framework; path = Realm.framework; sourceTree = "<group>"; };
		454D65682A08FB6200EF2ECD /* RealmSwift.framework */ = {isa = PBXFileReference; lastKnownFileType = wrapper.framework; path = RealmSwift.framework; sourceTree = "<group>"; };
		45643D6A2A08EA6E00616583 /* STableView.swift */ = {isa = PBXFileReference; fileEncoding = 4; lastKnownFileType = sourcecode.swift; path = STableView.swift; sourceTree = "<group>"; };
		45643D6B2A08EA6E00616583 /* STableHeaderView.swift */ = {isa = PBXFileReference; fileEncoding = 4; lastKnownFileType = sourcecode.swift; path = STableHeaderView.swift; sourceTree = "<group>"; };
		45643D6C2A08EA6E00616583 /* STableViewCell.swift */ = {isa = PBXFileReference; fileEncoding = 4; lastKnownFileType = sourcecode.swift; path = STableViewCell.swift; sourceTree = "<group>"; };
		45643D702A08EAA800616583 /* TextView.xib */ = {isa = PBXFileReference; fileEncoding = 4; lastKnownFileType = file.xib; path = TextView.xib; sourceTree = "<group>"; };
		45643D712A08EAA800616583 /* TextView.swift */ = {isa = PBXFileReference; fileEncoding = 4; lastKnownFileType = sourcecode.swift; path = TextView.swift; sourceTree = "<group>"; };
		45643D742A08EB0900616583 /* SCollectionView.swift */ = {isa = PBXFileReference; fileEncoding = 4; lastKnownFileType = sourcecode.swift; path = SCollectionView.swift; sourceTree = "<group>"; };
		45643D752A08EB0A00616583 /* SCollectionViewCell.swift */ = {isa = PBXFileReference; fileEncoding = 4; lastKnownFileType = sourcecode.swift; path = SCollectionViewCell.swift; sourceTree = "<group>"; };
		45EA0F1F2A0B3A2100F8BCE6 /* String+Extension.swift */ = {isa = PBXFileReference; fileEncoding = 4; lastKnownFileType = sourcecode.swift; path = "String+Extension.swift"; sourceTree = "<group>"; };
		45EA0F212A0B3A2D00F8BCE6 /* UIView+Extension.swift */ = {isa = PBXFileReference; fileEncoding = 4; lastKnownFileType = sourcecode.swift; path = "UIView+Extension.swift"; sourceTree = "<group>"; };
		45EA0F232A0B3A3400F8BCE6 /* UIViewController+Extension.swift */ = {isa = PBXFileReference; fileEncoding = 4; lastKnownFileType = sourcecode.swift; path = "UIViewController+Extension.swift"; sourceTree = "<group>"; };
/* End PBXFileReference section */

/* Begin PBXFrameworksBuildPhase section */
		260CAF9528ADFB290062638C /* Frameworks */ = {
			isa = PBXFrameworksBuildPhase;
			buildActionMask = 2147483647;
			files = (
				4556AA652A0CA03100709140 /* RealmSwift.framework in Frameworks */,
				4556AA622A0CA03000709140 /* Realm.framework in Frameworks */,
			);
			runOnlyForDeploymentPostprocessing = 0;
		};
/* End PBXFrameworksBuildPhase section */

/* Begin PBXGroup section */
		260CAF8F28ADFB290062638C = {
			isa = PBXGroup;
			children = (
				260CAF9A28ADFB290062638C /* TranDucThang */,
				260CAF9928ADFB290062638C /* Products */,
			);
			sourceTree = "<group>";
		};
		260CAF9928ADFB290062638C /* Products */ = {
			isa = PBXGroup;
			children = (
				260CAF9828ADFB290062638C /* TranDucThang.app */,
			);
			name = Products;
			sourceTree = "<group>";
		};
		260CAF9A28ADFB290062638C /* TranDucThang */ = {
			isa = PBXGroup;
			children = (
				260CB05228ADFC130062638C /* Resources */,
				260CB06928ADFC230062638C /* Common */,
				260CB03E28ADFB560062638C /* Model */,
				260CB05928ADFC1F0062638C /* Screens */,
				260CAF9B28ADFB290062638C /* AppDelegate.swift */,
				260CAF9D28ADFB290062638C /* SceneDelegate.swift */,
				260CAF9F28ADFB290062638C /* ViewController.swift */,
				260CAFA128ADFB290062638C /* Main.storyboard */,
				260CAFA628ADFB2A0062638C /* LaunchScreen.storyboard */,
				260CAFA928ADFB2A0062638C /* Info.plist */,
			);
			path = TranDucThang;
			sourceTree = "<group>";
		};
		260CB03E28ADFB560062638C /* Model */ = {
			isa = PBXGroup;
			children = (
				260CB0D528AE247D0062638C /* Manager */,
				260CB04528ADFB560062638C /* ProductModel.swift */,
				260CB03F28ADFB560062638C /* ShirtModel.swift */,
				260CB04028ADFB560062638C /* PantsModel.swift */,
				260CB04328ADFB560062638C /* VestModel.swift */,
				260CB04228ADFB560062638C /* ClientModel.swift */,
			);
			path = Model;
			sourceTree = "<group>";
		};
		260CB05228ADFC130062638C /* Resources */ = {
			isa = PBXGroup;
			children = (
				260CB05328ADFC130062638C /* Navbar&Tabbar.xcassets */,
				260CB05428ADFC130062638C /* Assets.xcassets */,
				260CB05528ADFC130062638C /* ImageUI.xcassets */,
			);
			path = Resources;
			sourceTree = "<group>";
		};
		260CB05928ADFC1F0062638C /* Screens */ = {
			isa = PBXGroup;
			children = (
				2657FEF728AF94D9003E7161 /* AddProduct */,
				260CB0E728AE3E710062638C /* ProfileClient */,
				260CB05A28ADFC1F0062638C /* HomeView */,
				260CB06028ADFC1F0062638C /* AddNewClient */,
			);
			path = Screens;
			sourceTree = "<group>";
		};
		260CB05A28ADFC1F0062638C /* HomeView */ = {
			isa = PBXGroup;
			children = (
				260CB05B28ADFC1F0062638C /* Cell */,
				260CB05E28ADFC1F0062638C /* HomeVC.xib */,
				260CB05F28ADFC1F0062638C /* HomeVC.swift */,
			);
			path = HomeView;
			sourceTree = "<group>";
		};
		260CB05B28ADFC1F0062638C /* Cell */ = {
			isa = PBXGroup;
			children = (
				260CB05C28ADFC1F0062638C /* ClientCell.swift */,
				260CB05D28ADFC1F0062638C /* ClientCell.xib */,
			);
			path = Cell;
			sourceTree = "<group>";
		};
		260CB06028ADFC1F0062638C /* AddNewClient */ = {
			isa = PBXGroup;
			children = (
				260CB0D028AE23F70062638C /* Cell */,
				260CB06128ADFC1F0062638C /* AddNewClientVC.xib */,
				260CB06228ADFC1F0062638C /* AddNewClientVC.swift */,
			);
			path = AddNewClient;
			sourceTree = "<group>";
		};
		260CB06928ADFC230062638C /* Common */ = {
			isa = PBXGroup;
			children = (
				454D656B2A08FBF700EF2ECD /* Libs */,
				260CB06A28ADFC230062638C /* BaseVC.swift */,
				260CB06B28ADFC230062638C /* VVConstant.swift */,
				260CB06C28ADFC230062638C /* Extensions */,
				260CB07A28ADFC230062638C /* Controls */,
			);
			path = Common;
			sourceTree = "<group>";
		};
		260CB06C28ADFC230062638C /* Extensions */ = {
			isa = PBXGroup;
			children = (
				451AF0672A0C9E7D00E0C113 /* Number+Extension.swift */,
				45EA0F212A0B3A2D00F8BCE6 /* UIView+Extension.swift */,
				45EA0F1F2A0B3A2100F8BCE6 /* String+Extension.swift */,
				45EA0F232A0B3A3400F8BCE6 /* UIViewController+Extension.swift */,
				260CB06E28ADFC230062638C /* UIColor+Extension.swift */,
				260CB06F28ADFC230062638C /* Date+Extension.swift */,
			);
			path = Extensions;
			sourceTree = "<group>";
		};
		260CB07A28ADFC230062638C /* Controls */ = {
			isa = PBXGroup;
			children = (
				260CB07B28ADFC230062638C /* TableView */,
				260CB08528ADFC230062638C /* TextView */,
				260CB08928ADFC230062638C /* CollectionView */,
				260CB08E28ADFC230062638C /* TextFields */,
				260CB09328ADFC230062638C /* CustomView */,
			);
			path = Controls;
			sourceTree = "<group>";
		};
		260CB07B28ADFC230062638C /* TableView */ = {
			isa = PBXGroup;
			children = (
				45643D6B2A08EA6E00616583 /* STableHeaderView.swift */,
				45643D6A2A08EA6E00616583 /* STableView.swift */,
				45643D6C2A08EA6E00616583 /* STableViewCell.swift */,
			);
			path = TableView;
			sourceTree = "<group>";
		};
		260CB08528ADFC230062638C /* TextView */ = {
			isa = PBXGroup;
			children = (
				45643D712A08EAA800616583 /* TextView.swift */,
				45643D702A08EAA800616583 /* TextView.xib */,
			);
			path = TextView;
			sourceTree = "<group>";
		};
		260CB08928ADFC230062638C /* CollectionView */ = {
			isa = PBXGroup;
			children = (
				45643D742A08EB0900616583 /* SCollectionView.swift */,
				45643D752A08EB0A00616583 /* SCollectionViewCell.swift */,
			);
			path = CollectionView;
			sourceTree = "<group>";
		};
		260CB08E28ADFC230062638C /* TextFields */ = {
			isa = PBXGroup;
			children = (
				451AF0592A0C88A300E0C113 /* TextField.swift */,
				451AF0632A0C957400E0C113 /* TextFieldBox.swift */,
				451AF0652A0C957E00E0C113 /* TextFieldBox.xib */,
			);
			path = TextFields;
			sourceTree = "<group>";
		};
		260CB09328ADFC230062638C /* CustomView */ = {
			isa = PBXGroup;
			children = (
				260CB09828ADFC230062638C /* NavBarView */,
			);
			path = CustomView;
			sourceTree = "<group>";
		};
		260CB09828ADFC230062638C /* NavBarView */ = {
			isa = PBXGroup;
			children = (
				260CB09928ADFC230062638C /* NavBarView.swift */,
				260CB09A28ADFC230062638C /* NavBarView.xib */,
			);
			path = NavBarView;
			sourceTree = "<group>";
		};
		260CB0D028AE23F70062638C /* Cell */ = {
			isa = PBXGroup;
			children = (
				260CB0D128AE241F0062638C /* DetailsInputCell.swift */,
				260CB0D228AE241F0062638C /* DetailsInputCell.xib */,
			);
			path = Cell;
			sourceTree = "<group>";
		};
		260CB0D528AE247D0062638C /* Manager */ = {
			isa = PBXGroup;
			children = (
				260CB04128ADFB560062638C /* RealmServices.swift */,
				260CB04428ADFB560062638C /* DatabaseManager.swift */,
			);
			path = Manager;
			sourceTree = "<group>";
		};
		260CB0E728AE3E710062638C /* ProfileClient */ = {
			isa = PBXGroup;
			children = (
				260CB0EC28AE47420062638C /* Cell */,
				260CB0E828AE3E9C0062638C /* ProfileClientVC.swift */,
				260CB0E928AE3E9C0062638C /* ProfileClientVC.xib */,
			);
			path = ProfileClient;
			sourceTree = "<group>";
		};
		260CB0EC28AE47420062638C /* Cell */ = {
			isa = PBXGroup;
			children = (
				2657FEF328AF8AEB003E7161 /* ProductsCell.swift */,
				2657FEF428AF8AEB003E7161 /* ProductsCell.xib */,
			);
			path = Cell;
			sourceTree = "<group>";
		};
		2657FEF728AF94D9003E7161 /* AddProduct */ = {
			isa = PBXGroup;
			children = (
				2657FF0928AFA155003E7161 /* Cell */,
				2657FEF828AF94F5003E7161 /* AddProductsVC.swift */,
				2657FEF928AF94F5003E7161 /* AddProductsVC.xib */,
			);
			path = AddProduct;
			sourceTree = "<group>";
		};
		2657FF0928AFA155003E7161 /* Cell */ = {
			isa = PBXGroup;
			children = (
				2657FF0A28AFA155003E7161 /* TypeClothesCell.swift */,
				2657FF0B28AFA155003E7161 /* TypeClothesCell.xib */,
			);
			path = Cell;
			sourceTree = "<group>";
		};
		454D656B2A08FBF700EF2ECD /* Libs */ = {
			isa = PBXGroup;
			children = (
				454D65672A08FB6200EF2ECD /* Realm.framework */,
				454D65682A08FB6200EF2ECD /* RealmSwift.framework */,
			);
			path = Libs;
			sourceTree = "<group>";
		};
/* End PBXGroup section */

/* Begin PBXNativeTarget section */
		260CAF9728ADFB290062638C /* TranDucThang */ = {
			isa = PBXNativeTarget;
			buildConfigurationList = 260CAFAC28ADFB2A0062638C /* Build configuration list for PBXNativeTarget "TranDucThang" */;
			buildPhases = (
				260CAF9428ADFB290062638C /* Sources */,
				260CAF9528ADFB290062638C /* Frameworks */,
				260CAF9628ADFB290062638C /* Resources */,
				4556AA642A0CA03000709140 /* Embed Frameworks */,
			);
			buildRules = (
			);
			dependencies = (
			);
			name = TranDucThang;
			productName = TranDucThang;
			productReference = 260CAF9828ADFB290062638C /* TranDucThang.app */;
			productType = "com.apple.product-type.application";
		};
/* End PBXNativeTarget section */

/* Begin PBXProject section */
		260CAF9028ADFB290062638C /* Project object */ = {
			isa = PBXProject;
			attributes = {
				BuildIndependentTargetsInParallel = 1;
				LastSwiftUpdateCheck = 1340;
				LastUpgradeCheck = 1340;
				TargetAttributes = {
					260CAF9728ADFB290062638C = {
						CreatedOnToolsVersion = 13.4.1;
					};
				};
			};
			buildConfigurationList = 260CAF9328ADFB290062638C /* Build configuration list for PBXProject "TranDucThang" */;
			compatibilityVersion = "Xcode 13.0";
			developmentRegion = en;
			hasScannedForEncodings = 0;
			knownRegions = (
				en,
				Base,
			);
			mainGroup = 260CAF8F28ADFB290062638C;
			productRefGroup = 260CAF9928ADFB290062638C /* Products */;
			projectDirPath = "";
			projectRoot = "";
			targets = (
				260CAF9728ADFB290062638C /* TranDucThang */,
			);
		};
/* End PBXProject section */

/* Begin PBXResourcesBuildPhase section */
		260CAF9628ADFB290062638C /* Resources */ = {
			isa = PBXResourcesBuildPhase;
			buildActionMask = 2147483647;
			files = (
				2657FEFB28AF94F5003E7161 /* AddProductsVC.xib in Resources */,
				2657FF0D28AFA155003E7161 /* TypeClothesCell.xib in Resources */,
				260CAFA828ADFB2A0062638C /* LaunchScreen.storyboard in Resources */,
				451AF0662A0C957E00E0C113 /* TextFieldBox.xib in Resources */,
				260CB05628ADFC140062638C /* Navbar&Tabbar.xcassets in Resources */,
				2657FEF628AF8AEB003E7161 /* ProductsCell.xib in Resources */,
				260CB06728ADFC1F0062638C /* AddNewClientVC.xib in Resources */,
				260CB06428ADFC1F0062638C /* ClientCell.xib in Resources */,
				260CB05828ADFC140062638C /* ImageUI.xcassets in Resources */,
				260CB0D428AE241F0062638C /* DetailsInputCell.xib in Resources */,
				260CB0C728ADFC230062638C /* NavBarView.xib in Resources */,
				260CB0EB28AE3E9C0062638C /* ProfileClientVC.xib in Resources */,
				260CB06528ADFC1F0062638C /* HomeVC.xib in Resources */,
				260CAFA328ADFB290062638C /* Main.storyboard in Resources */,
				260CB05728ADFC140062638C /* Assets.xcassets in Resources */,
				45643D722A08EAA800616583 /* TextView.xib in Resources */,
			);
			runOnlyForDeploymentPostprocessing = 0;
		};
/* End PBXResourcesBuildPhase section */

/* Begin PBXSourcesBuildPhase section */
		260CAF9428ADFB290062638C /* Sources */ = {
			isa = PBXSourcesBuildPhase;
			buildActionMask = 2147483647;
			files = (
				260CAFA028ADFB290062638C /* ViewController.swift in Sources */,
				45643D6E2A08EA6E00616583 /* STableHeaderView.swift in Sources */,
				260CB0EA28AE3E9C0062638C /* ProfileClientVC.swift in Sources */,
				451AF05A2A0C88A300E0C113 /* TextField.swift in Sources */,
				260CB04B28ADFB560062638C /* DatabaseManager.swift in Sources */,
				45643D762A08EB0A00616583 /* SCollectionView.swift in Sources */,
				451AF0682A0C9E7D00E0C113 /* Number+Extension.swift in Sources */,
				45643D772A08EB0A00616583 /* SCollectionViewCell.swift in Sources */,
				45EA0F242A0B3A3400F8BCE6 /* UIViewController+Extension.swift in Sources */,
				260CB0A328ADFC230062638C /* BaseVC.swift in Sources */,
				2657FEF528AF8AEB003E7161 /* ProductsCell.swift in Sources */,
				260CB04A28ADFB560062638C /* VestModel.swift in Sources */,
				2657FEFA28AF94F5003E7161 /* AddProductsVC.swift in Sources */,
				260CB04928ADFB560062638C /* ClientModel.swift in Sources */,
				260CB06828ADFC1F0062638C /* AddNewClientVC.swift in Sources */,
				2657FF0C28AFA155003E7161 /* TypeClothesCell.swift in Sources */,
				260CB06628ADFC1F0062638C /* HomeVC.swift in Sources */,
				260CB0A628ADFC230062638C /* UIColor+Extension.swift in Sources */,
				260CB0A428ADFC230062638C /* VVConstant.swift in Sources */,
				260CB04728ADFB560062638C /* PantsModel.swift in Sources */,
				45643D6D2A08EA6E00616583 /* STableView.swift in Sources */,
				45643D732A08EAA800616583 /* TextView.swift in Sources */,
				260CB04628ADFB560062638C /* ShirtModel.swift in Sources */,
				260CB0C628ADFC230062638C /* NavBarView.swift in Sources */,
				451AF0642A0C957400E0C113 /* TextFieldBox.swift in Sources */,
				260CB06328ADFC1F0062638C /* ClientCell.swift in Sources */,
				260CB0D328AE241F0062638C /* DetailsInputCell.swift in Sources */,
				260CAF9C28ADFB290062638C /* AppDelegate.swift in Sources */,
				45EA0F202A0B3A2100F8BCE6 /* String+Extension.swift in Sources */,
				260CAF9E28ADFB290062638C /* SceneDelegate.swift in Sources */,
				45EA0F222A0B3A2D00F8BCE6 /* UIView+Extension.swift in Sources */,
				45643D6F2A08EA6E00616583 /* STableViewCell.swift in Sources */,
				260CB04828ADFB560062638C /* RealmServices.swift in Sources */,
				260CB0A728ADFC230062638C /* Date+Extension.swift in Sources */,
				260CB04C28ADFB560062638C /* ProductModel.swift in Sources */,
			);
			runOnlyForDeploymentPostprocessing = 0;
		};
/* End PBXSourcesBuildPhase section */

/* Begin PBXVariantGroup section */
		260CAFA128ADFB290062638C /* Main.storyboard */ = {
			isa = PBXVariantGroup;
			children = (
				260CAFA228ADFB290062638C /* Base */,
			);
			name = Main.storyboard;
			sourceTree = "<group>";
		};
		260CAFA628ADFB2A0062638C /* LaunchScreen.storyboard */ = {
			isa = PBXVariantGroup;
			children = (
				260CAFA728ADFB2A0062638C /* Base */,
			);
			name = LaunchScreen.storyboard;
			sourceTree = "<group>";
		};
/* End PBXVariantGroup section */

/* Begin XCBuildConfiguration section */
		260CAFAA28ADFB2A0062638C /* Debug */ = {
			isa = XCBuildConfiguration;
			buildSettings = {
				ALWAYS_SEARCH_USER_PATHS = NO;
				CLANG_ANALYZER_NONNULL = YES;
				CLANG_ANALYZER_NUMBER_OBJECT_CONVERSION = YES_AGGRESSIVE;
				CLANG_CXX_LANGUAGE_STANDARD = "gnu++17";
				CLANG_ENABLE_MODULES = YES;
				CLANG_ENABLE_OBJC_ARC = YES;
				CLANG_ENABLE_OBJC_WEAK = YES;
				CLANG_WARN_BLOCK_CAPTURE_AUTORELEASING = YES;
				CLANG_WARN_BOOL_CONVERSION = YES;
				CLANG_WARN_COMMA = YES;
				CLANG_WARN_CONSTANT_CONVERSION = YES;
				CLANG_WARN_DEPRECATED_OBJC_IMPLEMENTATIONS = YES;
				CLANG_WARN_DIRECT_OBJC_ISA_USAGE = YES_ERROR;
				CLANG_WARN_DOCUMENTATION_COMMENTS = YES;
				CLANG_WARN_EMPTY_BODY = YES;
				CLANG_WARN_ENUM_CONVERSION = YES;
				CLANG_WARN_INFINITE_RECURSION = YES;
				CLANG_WARN_INT_CONVERSION = YES;
				CLANG_WARN_NON_LITERAL_NULL_CONVERSION = YES;
				CLANG_WARN_OBJC_IMPLICIT_RETAIN_SELF = YES;
				CLANG_WARN_OBJC_LITERAL_CONVERSION = YES;
				CLANG_WARN_OBJC_ROOT_CLASS = YES_ERROR;
				CLANG_WARN_QUOTED_INCLUDE_IN_FRAMEWORK_HEADER = YES;
				CLANG_WARN_RANGE_LOOP_ANALYSIS = YES;
				CLANG_WARN_STRICT_PROTOTYPES = YES;
				CLANG_WARN_SUSPICIOUS_MOVE = YES;
				CLANG_WARN_UNGUARDED_AVAILABILITY = YES_AGGRESSIVE;
				CLANG_WARN_UNREACHABLE_CODE = YES;
				CLANG_WARN__DUPLICATE_METHOD_MATCH = YES;
				COPY_PHASE_STRIP = NO;
				DEBUG_INFORMATION_FORMAT = dwarf;
				ENABLE_STRICT_OBJC_MSGSEND = YES;
				ENABLE_TESTABILITY = YES;
				GCC_C_LANGUAGE_STANDARD = gnu11;
				GCC_DYNAMIC_NO_PIC = NO;
				GCC_NO_COMMON_BLOCKS = YES;
				GCC_OPTIMIZATION_LEVEL = 0;
				GCC_PREPROCESSOR_DEFINITIONS = (
					"DEBUG=1",
					"$(inherited)",
				);
				GCC_WARN_64_TO_32_BIT_CONVERSION = YES;
				GCC_WARN_ABOUT_RETURN_TYPE = YES_ERROR;
				GCC_WARN_UNDECLARED_SELECTOR = YES;
				GCC_WARN_UNINITIALIZED_AUTOS = YES_AGGRESSIVE;
				GCC_WARN_UNUSED_FUNCTION = YES;
				GCC_WARN_UNUSED_VARIABLE = YES;
				IPHONEOS_DEPLOYMENT_TARGET = 15.5;
				MTL_ENABLE_DEBUG_INFO = INCLUDE_SOURCE;
				MTL_FAST_MATH = YES;
				ONLY_ACTIVE_ARCH = YES;
				SDKROOT = iphoneos;
				SWIFT_ACTIVE_COMPILATION_CONDITIONS = DEBUG;
				SWIFT_OPTIMIZATION_LEVEL = "-Onone";
			};
			name = Debug;
		};
		260CAFAB28ADFB2A0062638C /* Release */ = {
			isa = XCBuildConfiguration;
			buildSettings = {
				ALWAYS_SEARCH_USER_PATHS = NO;
				CLANG_ANALYZER_NONNULL = YES;
				CLANG_ANALYZER_NUMBER_OBJECT_CONVERSION = YES_AGGRESSIVE;
				CLANG_CXX_LANGUAGE_STANDARD = "gnu++17";
				CLANG_ENABLE_MODULES = YES;
				CLANG_ENABLE_OBJC_ARC = YES;
				CLANG_ENABLE_OBJC_WEAK = YES;
				CLANG_WARN_BLOCK_CAPTURE_AUTORELEASING = YES;
				CLANG_WARN_BOOL_CONVERSION = YES;
				CLANG_WARN_COMMA = YES;
				CLANG_WARN_CONSTANT_CONVERSION = YES;
				CLANG_WARN_DEPRECATED_OBJC_IMPLEMENTATIONS = YES;
				CLANG_WARN_DIRECT_OBJC_ISA_USAGE = YES_ERROR;
				CLANG_WARN_DOCUMENTATION_COMMENTS = YES;
				CLANG_WARN_EMPTY_BODY = YES;
				CLANG_WARN_ENUM_CONVERSION = YES;
				CLANG_WARN_INFINITE_RECURSION = YES;
				CLANG_WARN_INT_CONVERSION = YES;
				CLANG_WARN_NON_LITERAL_NULL_CONVERSION = YES;
				CLANG_WARN_OBJC_IMPLICIT_RETAIN_SELF = YES;
				CLANG_WARN_OBJC_LITERAL_CONVERSION = YES;
				CLANG_WARN_OBJC_ROOT_CLASS = YES_ERROR;
				CLANG_WARN_QUOTED_INCLUDE_IN_FRAMEWORK_HEADER = YES;
				CLANG_WARN_RANGE_LOOP_ANALYSIS = YES;
				CLANG_WARN_STRICT_PROTOTYPES = YES;
				CLANG_WARN_SUSPICIOUS_MOVE = YES;
				CLANG_WARN_UNGUARDED_AVAILABILITY = YES_AGGRESSIVE;
				CLANG_WARN_UNREACHABLE_CODE = YES;
				CLANG_WARN__DUPLICATE_METHOD_MATCH = YES;
				COPY_PHASE_STRIP = NO;
				DEBUG_INFORMATION_FORMAT = "dwarf-with-dsym";
				ENABLE_NS_ASSERTIONS = NO;
				ENABLE_STRICT_OBJC_MSGSEND = YES;
				GCC_C_LANGUAGE_STANDARD = gnu11;
				GCC_NO_COMMON_BLOCKS = YES;
				GCC_WARN_64_TO_32_BIT_CONVERSION = YES;
				GCC_WARN_ABOUT_RETURN_TYPE = YES_ERROR;
				GCC_WARN_UNDECLARED_SELECTOR = YES;
				GCC_WARN_UNINITIALIZED_AUTOS = YES_AGGRESSIVE;
				GCC_WARN_UNUSED_FUNCTION = YES;
				GCC_WARN_UNUSED_VARIABLE = YES;
				IPHONEOS_DEPLOYMENT_TARGET = 15.5;
				MTL_ENABLE_DEBUG_INFO = NO;
				MTL_FAST_MATH = YES;
				SDKROOT = iphoneos;
				SWIFT_COMPILATION_MODE = wholemodule;
				SWIFT_OPTIMIZATION_LEVEL = "-O";
				VALIDATE_PRODUCT = YES;
			};
			name = Release;
		};
		260CAFAD28ADFB2A0062638C /* Debug */ = {
			isa = XCBuildConfiguration;
			buildSettings = {
				ASSETCATALOG_COMPILER_APPICON_NAME = AppIcon;
				ASSETCATALOG_COMPILER_GLOBAL_ACCENT_COLOR_NAME = AccentColor;
				CODE_SIGN_STYLE = Automatic;
				CURRENT_PROJECT_VERSION = 1;
				DEVELOPMENT_TEAM = 4SVBD9LA8P;
				FRAMEWORK_SEARCH_PATHS = (
					"$(inherited)",
					"$(PROJECT_DIR)/TranDucThang/Libs",
					"$(PROJECT_DIR)/TranDucThang/Common/Libs",
				);
				GENERATE_INFOPLIST_FILE = YES;
				INFOPLIST_FILE = TranDucThang/Info.plist;
				INFOPLIST_KEY_CFBundleDisplayName = "Trần Đức Thắng";
				INFOPLIST_KEY_UIApplicationSupportsIndirectInputEvents = YES;
				INFOPLIST_KEY_UILaunchStoryboardName = LaunchScreen;
				INFOPLIST_KEY_UIMainStoryboardFile = Main;
				INFOPLIST_KEY_UISupportedInterfaceOrientations = UIInterfaceOrientationPortrait;
				INFOPLIST_KEY_UISupportedInterfaceOrientations_iPad = "UIInterfaceOrientationPortrait UIInterfaceOrientationPortraitUpsideDown UIInterfaceOrientationLandscapeLeft UIInterfaceOrientationLandscapeRight";
				INFOPLIST_KEY_UISupportedInterfaceOrientations_iPhone = "UIInterfaceOrientationPortrait UIInterfaceOrientationLandscapeLeft UIInterfaceOrientationLandscapeRight";
				INFOPLIST_KEY_UIUserInterfaceStyle = Light;
				IPHONEOS_DEPLOYMENT_TARGET = 13.0;
				LD_RUNPATH_SEARCH_PATHS = (
					"$(inherited)",
					"@executable_path/Frameworks",
				);
				MARKETING_VERSION = 1.0;
				PRODUCT_BUNDLE_IDENTIFIER = anhtdt.TranDucThang;
				PRODUCT_NAME = "$(TARGET_NAME)";
				SWIFT_EMIT_LOC_STRINGS = YES;
				SWIFT_VERSION = 5.0;
				TARGETED_DEVICE_FAMILY = "1,2";
			};
			name = Debug;
		};
		260CAFAE28ADFB2A0062638C /* Release */ = {
			isa = XCBuildConfiguration;
			buildSettings = {
				ASSETCATALOG_COMPILER_APPICON_NAME = AppIcon;
				ASSETCATALOG_COMPILER_GLOBAL_ACCENT_COLOR_NAME = AccentColor;
				CODE_SIGN_STYLE = Automatic;
				CURRENT_PROJECT_VERSION = 1;
				DEVELOPMENT_TEAM = 4SVBD9LA8P;
				FRAMEWORK_SEARCH_PATHS = (
					"$(inherited)",
					"$(PROJECT_DIR)/TranDucThang/Libs",
					"$(PROJECT_DIR)/TranDucThang/Common/Libs",
				);
				GENERATE_INFOPLIST_FILE = YES;
				INFOPLIST_FILE = TranDucThang/Info.plist;
				INFOPLIST_KEY_CFBundleDisplayName = "Trần Đức Thắng";
				INFOPLIST_KEY_UIApplicationSupportsIndirectInputEvents = YES;
				INFOPLIST_KEY_UILaunchStoryboardName = LaunchScreen;
				INFOPLIST_KEY_UIMainStoryboardFile = Main;
				INFOPLIST_KEY_UISupportedInterfaceOrientations = UIInterfaceOrientationPortrait;
				INFOPLIST_KEY_UISupportedInterfaceOrientations_iPad = "UIInterfaceOrientationPortrait UIInterfaceOrientationPortraitUpsideDown UIInterfaceOrientationLandscapeLeft UIInterfaceOrientationLandscapeRight";
				INFOPLIST_KEY_UISupportedInterfaceOrientations_iPhone = "UIInterfaceOrientationPortrait UIInterfaceOrientationLandscapeLeft UIInterfaceOrientationLandscapeRight";
				INFOPLIST_KEY_UIUserInterfaceStyle = Light;
				IPHONEOS_DEPLOYMENT_TARGET = 13.0;
				LD_RUNPATH_SEARCH_PATHS = (
					"$(inherited)",
					"@executable_path/Frameworks",
				);
				MARKETING_VERSION = 1.0;
				PRODUCT_BUNDLE_IDENTIFIER = anhtdt.TranDucThang;
				PRODUCT_NAME = "$(TARGET_NAME)";
				SWIFT_EMIT_LOC_STRINGS = YES;
				SWIFT_VERSION = 5.0;
				TARGETED_DEVICE_FAMILY = "1,2";
			};
			name = Release;
		};
/* End XCBuildConfiguration section */

/* Begin XCConfigurationList section */
		260CAF9328ADFB290062638C /* Build configuration list for PBXProject "TranDucThang" */ = {
			isa = XCConfigurationList;
			buildConfigurations = (
				260CAFAA28ADFB2A0062638C /* Debug */,
				260CAFAB28ADFB2A0062638C /* Release */,
			);
			defaultConfigurationIsVisible = 0;
			defaultConfigurationName = Release;
		};
		260CAFAC28ADFB2A0062638C /* Build configuration list for PBXNativeTarget "TranDucThang" */ = {
			isa = XCConfigurationList;
			buildConfigurations = (
				260CAFAD28ADFB2A0062638C /* Debug */,
				260CAFAE28ADFB2A0062638C /* Release */,
			);
			defaultConfigurationIsVisible = 0;
			defaultConfigurationName = Release;
		};
/* End XCConfigurationList section */
	};
	rootObject = 260CAF9028ADFB290062638C /* Project object */;
}
